
Microsoft Visual Studio Solution File, Format Version 12.00
# Visual Studio Version 16
VisualStudioVersion = 16.0.30907.101
MinimumVisualStudioVersion = 10.0.40219.1
Project("{FAE04EC0-301F-11D3-BF4B-00C04F79EFBC}") = "IOCFactory", "IOCFactory.csproj", "{DD8D4596-9756-4BB3-8F11-EAACCE8BD4CB}"
EndProject
Global
	GlobalSection(SolutionConfigurationPlatforms) = preSolution
		Debug|Any CPU = Debug|Any CPU
		Release|Any CPU = Release|Any CPU
	EndGlobalSection
	GlobalSection(ProjectConfigurationPlatforms) = postSolution
		{DD8D4596-9756-4BB3-8F11-EAACCE8BD4CB}.Debug|Any CPU.ActiveCfg = Debug|Any CPU
		{DD8D4596-9756-4BB3-8F11-EAACCE8BD4CB}.Debug|Any CPU.Build.0 = Debug|Any CPU
		{DD8D4596-9756-4BB3-8F11-EAACCE8BD4CB}.Release|Any CPU.ActiveCfg = Release|Any CPU
		{DD8D4596-9756-4BB3-8F11-EAACCE8BD4CB}.Release|Any CPU.Build.0 = Release|Any CPU
	EndGlobalSection
	GlobalSection(SolutionProperties) = preSolution
		HideSolutionNode = FALSE
	EndGlobalSection
	GlobalSection(ExtensibilityGlobals) = postSolution
		SolutionGuid = {6E7BAD3E-75C8-4363-B649-A48305C898CC}
	EndGlobalSection
EndGlobal
